<?xml version="1.0" encoding="utf-8"?>
<Project ToolsVersion="4.0" xmlns="http://schemas.microsoft.com/developer/msbuild/2003">
  <ItemGroup>
    <Filter Include="Objects">
      <UniqueIdentifier>{027d4bdc-6e85-41c9-9c97-45eebff35f43}</UniqueIdentifier>
    </Filter>
    <Filter Include="GameLogic">
      <UniqueIdentifier>{1cefe60c-061e-41ec-89cd-96977c27b142}</UniqueIdentifier>
    </Filter>
    <Filter Include="Resources">
      <UniqueIdentifier>{0c607529-cc21-4852-a11a-18161c0f5f72}</UniqueIdentifier>
    </Filter>
  </ItemGroup>
  <ItemGroup>
    <ClCompile Include="..\Scr\Objects\Asteroid.cpp">
      <Filter>Objects</Filter>
    </ClCompile>
    <ClCompile Include="..\Scr\Objects\Ship.cpp">
      <Filter>Objects</Filter>
    </ClCompile>
    <ClCompile Include="..\Scr\GameLogic\Game.cpp">
      <Filter>GameLogic</Filter>
    </ClCompile>
    <ClCompile Include="..\Scr\main.cpp" />
    <ClCompile Include="..\Scr\Objects\ShipBullet.cpp">
      <Filter>Objects</Filter>
    </ClCompile>
    <ClCompile Include="..\Scr\Objects\EnemyShip.cpp">
      <Filter>Objects</Filter>
    </ClCompile>
  </ItemGroup>
  <ItemGroup>
    <ClInclude Include="..\Scr\Objects\Asteroid.h">
      <Filter>Objects</Filter>
    </ClInclude>
    <ClInclude Include="..\Scr\Objects\Ship.h">
      <Filter>Objects</Filter>
    </ClInclude>
    <ClInclude Include="..\Scr\GameLogic\Game.h">
      <Filter>GameLogic</Filter>
    </ClInclude>
    <ClInclude Include="..\Scr\Objects\ShipBullet.h">
      <Filter>Objects</Filter>
    </ClInclude>
    <ClInclude Include="..\Scr\Objects\EnemyShip.h">
      <Filter>Objects</Filter>
    </ClInclude>
  </ItemGroup>
</Project>